
Microsoft Visual Studio Solution File, Format Version 12.00
# Visual Studio Version 17
VisualStudioVersion = 17.5.002.0
MinimumVisualStudioVersion = 10.0.40219.1
Project("{2150E333-8FDC-42A3-9474-1A3956D46DE8}") = "csharp-prep", "csharp-prep", "{E19252F1-8B67-4FA4-B7F9-BD7B2ACA8E79}"
EndProject
Project("{9A19103F-16F7-4668-BE54-9A1E7A4F7556}") = "Prep1", "csharp-prep\Prep1\Prep1.csproj", "{9D7FA575-C69B-4A82-9EEC-CCCC8C9F9162}"
EndProject
Project("{9A19103F-16F7-4668-BE54-9A1E7A4F7556}") = "Prep2", "csharp-prep\Prep2\Prep2.csproj", "{E9F5EE54-1F51-4D84-86A9-A538609D9F6E}"
EndProject
Project("{9A19103F-16F7-4668-BE54-9A1E7A4F7556}") = "Prep3", "csharp-prep\Prep3\Prep3.csproj", "{187955B8-3E68-4DD0-AD8B-E2E5432F70AD}"
EndProject
Project("{9A19103F-16F7-4668-BE54-9A1E7A4F7556}") = "Prep4", "csharp-prep\Prep4\Prep4.csproj", "{F3A9E149-7A5F-4785-BB76-D18DCE108BE9}"
EndProject
Project("{9A19103F-16F7-4668-BE54-9A1E7A4F7556}") = "Prep5", "csharp-prep\Prep5\Prep5.csproj", "{1877970D-5AC2-4141-A1A6-7C9787E4B64A}"
EndProject
Project("{2150E333-8FDC-42A3-9474-1A3956D46DE8}") = "final", "final", "{8318ED44-AC5C-4D44-8DE3-B5C783AF7EDA}"
EndProject
Project("{9A19103F-16F7-4668-BE54-9A1E7A4F7556}") = "FinalProject", "final\FinalProject\FinalProject.csproj", "{8488AB17-D93C-437F-AF49-7BF3571695E2}"
EndProject
Project("{9A19103F-16F7-4668-BE54-9A1E7A4F7556}") = "Foundation1", "final\Foundation1\Foundation1.csproj", "{5AEA5AD0-2091-429E-AD91-3F7EE9492D50}"
EndProject
Project("{9A19103F-16F7-4668-BE54-9A1E7A4F7556}") = "Foundation2", "final\Foundation2\Foundation2.csproj", "{A2AE43EC-C617-497E-A596-0FD20ECCE41D}"
EndProject
Project("{9A19103F-16F7-4668-BE54-9A1E7A4F7556}") = "Foundation3", "final\Foundation3\Foundation3.csproj", "{5B99AA38-843E-4C00-ACF4-A593693CEE81}"
EndProject
Project("{9A19103F-16F7-4668-BE54-9A1E7A4F7556}") = "Foundation4", "final\Foundation4\Foundation4.csproj", "{E87FD456-EA0A-4BC3-9DAC-3D791B9FE9DD}"
EndProject
Project("{2150E333-8FDC-42A3-9474-1A3956D46DE8}") = "prepare", "prepare", "{65A9D332-F0C3-44FE-A223-FD09A0C04483}"
EndProject
Project("{9A19103F-16F7-4668-BE54-9A1E7A4F7556}") = "Learning02", "prepare\Learning02\Learning02.csproj", "{EB17BCAD-60A0-4B44-B97E-39A7092E282B}"
EndProject
Project("{9A19103F-16F7-4668-BE54-9A1E7A4F7556}") = "Learning03", "prepare\Learning03\Learning03.csproj", "{A475EB77-9AA9-4E48-94AA-35AEDAAF3D05}"
EndProject
Project("{9A19103F-16F7-4668-BE54-9A1E7A4F7556}") = "Learning04", "prepare\Learning04\Learning04.csproj", "{697281F1-9C8D-48C0-91DE-68733D56678B}"
EndProject
Project("{9A19103F-16F7-4668-BE54-9A1E7A4F7556}") = "Learning05", "prepare\Learning05\Learning05.csproj", "{7B95CB6F-FAD6-4723-B297-F64E22D84112}"
EndProject
Project("{2150E333-8FDC-42A3-9474-1A3956D46DE8}") = "prove", "prove", "{0CBF987C-B64F-404F-BAF7-2100EBCBDFB8}"
EndProject
Project("{9A19103F-16F7-4668-BE54-9A1E7A4F7556}") = "Develop02", "prove\Develop02\Develop02.csproj", "{AC53CA95-7A1E-4E1D-A8D0-7E606948C010}"
EndProject
Project("{9A19103F-16F7-4668-BE54-9A1E7A4F7556}") = "Develop03", "prove\Develop03\Develop03.csproj", "{A7AE3214-9251-4BE7-AA0D-12741A165516}"
EndProject
Project("{9A19103F-16F7-4668-BE54-9A1E7A4F7556}") = "Develop04", "prove\Develop04\Develop04.csproj", "{76A9D98B-255C-41AA-8D9B-D691411C8E6F}"
EndProject
Project("{9A19103F-16F7-4668-BE54-9A1E7A4F7556}") = "Develop05", "prove\Develop05\Develop05.csproj", "{38142DA9-CDAF-4C60-BD43-FD0D0F9C5C15}"
EndProject
Project("{2150E333-8FDC-42A3-9474-1A3956D46DE8}") = "sandbox", "sandbox", "{9100C517-88AC-4D4E-AE67-525C8DD9D007}"
EndProject
Project("{9A19103F-16F7-4668-BE54-9A1E7A4F7556}") = "Sandbox", "sandbox\Sandbox\Sandbox.csproj", "{4205811C-EAC9-4203-A516-648EF6D29C6E}"
EndProject
Global
	GlobalSection(SolutionConfigurationPlatforms) = preSolution
		Debug|Any CPU = Debug|Any CPU
		Release|Any CPU = Release|Any CPU
	EndGlobalSection
	GlobalSection(ProjectConfigurationPlatforms) = postSolution
		{9D7FA575-C69B-4A82-9EEC-CCCC8C9F9162}.Debug|Any CPU.ActiveCfg = Debug|Any CPU
		{9D7FA575-C69B-4A82-9EEC-CCCC8C9F9162}.Debug|Any CPU.Build.0 = Debug|Any CPU
		{9D7FA575-C69B-4A82-9EEC-CCCC8C9F9162}.Release|Any CPU.ActiveCfg = Release|Any CPU
		{9D7FA575-C69B-4A82-9EEC-CCCC8C9F9162}.Release|Any CPU.Build.0 = Release|Any CPU
		{E9F5EE54-1F51-4D84-86A9-A538609D9F6E}.Debug|Any CPU.ActiveCfg = Debug|Any CPU
		{E9F5EE54-1F51-4D84-86A9-A538609D9F6E}.Debug|Any CPU.Build.0 = Debug|Any CPU
		{E9F5EE54-1F51-4D84-86A9-A538609D9F6E}.Release|Any CPU.ActiveCfg = Release|Any CPU
		{E9F5EE54-1F51-4D84-86A9-A538609D9F6E}.Release|Any CPU.Build.0 = Release|Any CPU
		{187955B8-3E68-4DD0-AD8B-E2E5432F70AD}.Debug|Any CPU.ActiveCfg = Debug|Any CPU
		{187955B8-3E68-4DD0-AD8B-E2E5432F70AD}.Debug|Any CPU.Build.0 = Debug|Any CPU
		{187955B8-3E68-4DD0-AD8B-E2E5432F70AD}.Release|Any CPU.ActiveCfg = Release|Any CPU
		{187955B8-3E68-4DD0-AD8B-E2E5432F70AD}.Release|Any CPU.Build.0 = Release|Any CPU
		{F3A9E149-7A5F-4785-BB76-D18DCE108BE9}.Debug|Any CPU.ActiveCfg = Debug|Any CPU
		{F3A9E149-7A5F-4785-BB76-D18DCE108BE9}.Debug|Any CPU.Build.0 = Debug|Any CPU
		{F3A9E149-7A5F-4785-BB76-D18DCE108BE9}.Release|Any CPU.ActiveCfg = Release|Any CPU
		{F3A9E149-7A5F-4785-BB76-D18DCE108BE9}.Release|Any CPU.Build.0 = Release|Any CPU
		{1877970D-5AC2-4141-A1A6-7C9787E4B64A}.Debug|Any CPU.ActiveCfg = Debug|Any CPU
		{1877970D-5AC2-4141-A1A6-7C9787E4B64A}.Debug|Any CPU.Build.0 = Debug|Any CPU
		{1877970D-5AC2-4141-A1A6-7C9787E4B64A}.Release|Any CPU.ActiveCfg = Release|Any CPU
		{1877970D-5AC2-4141-A1A6-7C9787E4B64A}.Release|Any CPU.Build.0 = Release|Any CPU
		{8488AB17-D93C-437F-AF49-7BF3571695E2}.Debug|Any CPU.ActiveCfg = Debug|Any CPU
		{8488AB17-D93C-437F-AF49-7BF3571695E2}.Debug|Any CPU.Build.0 = Debug|Any CPU
		{8488AB17-D93C-437F-AF49-7BF3571695E2}.Release|Any CPU.ActiveCfg = Release|Any CPU
		{8488AB17-D93C-437F-AF49-7BF3571695E2}.Release|Any CPU.Build.0 = Release|Any CPU
		{5AEA5AD0-2091-429E-AD91-3F7EE9492D50}.Debug|Any CPU.ActiveCfg = Debug|Any CPU
		{5AEA5AD0-2091-429E-AD91-3F7EE9492D50}.Debug|Any CPU.Build.0 = Debug|Any CPU
		{5AEA5AD0-2091-429E-AD91-3F7EE9492D50}.Release|Any CPU.ActiveCfg = Release|Any CPU
		{5AEA5AD0-2091-429E-AD91-3F7EE9492D50}.Release|Any CPU.Build.0 = Release|Any CPU
		{A2AE43EC-C617-497E-A596-0FD20ECCE41D}.Debug|Any CPU.ActiveCfg = Debug|Any CPU
		{A2AE43EC-C617-497E-A596-0FD20ECCE41D}.Debug|Any CPU.Build.0 = Debug|Any CPU
		{A2AE43EC-C617-497E-A596-0FD20ECCE41D}.Release|Any CPU.ActiveCfg = Release|Any CPU
		{A2AE43EC-C617-497E-A596-0FD20ECCE41D}.Release|Any CPU.Build.0 = Release|Any CPU
		{5B99AA38-843E-4C00-ACF4-A593693CEE81}.Debug|Any CPU.ActiveCfg = Debug|Any CPU
		{5B99AA38-843E-4C00-ACF4-A593693CEE81}.Debug|Any CPU.Build.0 = Debug|Any CPU
		{5B99AA38-843E-4C00-ACF4-A593693CEE81}.Release|Any CPU.ActiveCfg = Release|Any CPU
		{5B99AA38-843E-4C00-ACF4-A593693CEE81}.Release|Any CPU.Build.0 = Release|Any CPU
		{E87FD456-EA0A-4BC3-9DAC-3D791B9FE9DD}.Debug|Any CPU.ActiveCfg = Debug|Any CPU
		{E87FD456-EA0A-4BC3-9DAC-3D791B9FE9DD}.Debug|Any CPU.Build.0 = Debug|Any CPU
		{E87FD456-EA0A-4BC3-9DAC-3D791B9FE9DD}.Release|Any CPU.ActiveCfg = Release|Any CPU
		{E87FD456-EA0A-4BC3-9DAC-3D791B9FE9DD}.Release|Any CPU.Build.0 = Release|Any CPU
		{EB17BCAD-60A0-4B44-B97E-39A7092E282B}.Debug|Any CPU.ActiveCfg = Debug|Any CPU
		{EB17BCAD-60A0-4B44-B97E-39A7092E282B}.Debug|Any CPU.Build.0 = Debug|Any CPU
		{EB17BCAD-60A0-4B44-B97E-39A7092E282B}.Release|Any CPU.ActiveCfg = Release|Any CPU
		{EB17BCAD-60A0-4B44-B97E-39A7092E282B}.Release|Any CPU.Build.0 = Release|Any CPU
		{A475EB77-9AA9-4E48-94AA-35AEDAAF3D05}.Debug|Any CPU.ActiveCfg = Debug|Any CPU
		{A475EB77-9AA9-4E48-94AA-35AEDAAF3D05}.Debug|Any CPU.Build.0 = Debug|Any CPU
		{A475EB77-9AA9-4E48-94AA-35AEDAAF3D05}.Release|Any CPU.ActiveCfg = Release|Any CPU
		{A475EB77-9AA9-4E48-94AA-35AEDAAF3D05}.Release|Any CPU.Build.0 = Release|Any CPU
		{697281F1-9C8D-48C0-91DE-68733D56678B}.Debug|Any CPU.ActiveCfg = Debug|Any CPU
		{697281F1-9C8D-48C0-91DE-68733D56678B}.Debug|Any CPU.Build.0 = Debug|Any CPU
		{697281F1-9C8D-48C0-91DE-68733D56678B}.Release|Any CPU.ActiveCfg = Release|Any CPU
		{697281F1-9C8D-48C0-91DE-68733D56678B}.Release|Any CPU.Build.0 = Release|Any CPU
		{7B95CB6F-FAD6-4723-B297-F64E22D84112}.Debug|Any CPU.ActiveCfg = Debug|Any CPU
		{7B95CB6F-FAD6-4723-B297-F64E22D84112}.Debug|Any CPU.Build.0 = Debug|Any CPU
		{7B95CB6F-FAD6-4723-B297-F64E22D84112}.Release|Any CPU.ActiveCfg = Release|Any CPU
		{7B95CB6F-FAD6-4723-B297-F64E22D84112}.Release|Any CPU.Build.0 = Release|Any CPU
		{AC53CA95-7A1E-4E1D-A8D0-7E606948C010}.Debug|Any CPU.ActiveCfg = Debug|Any CPU
		{AC53CA95-7A1E-4E1D-A8D0-7E606948C010}.Debug|Any CPU.Build.0 = Debug|Any CPU
		{AC53CA95-7A1E-4E1D-A8D0-7E606948C010}.Release|Any CPU.ActiveCfg = Release|Any CPU
		{AC53CA95-7A1E-4E1D-A8D0-7E606948C010}.Release|Any CPU.Build.0 = Release|Any CPU
		{A7AE3214-9251-4BE7-AA0D-12741A165516}.Debug|Any CPU.ActiveCfg = Debug|Any CPU
		{A7AE3214-9251-4BE7-AA0D-12741A165516}.Debug|Any CPU.Build.0 = Debug|Any CPU
		{A7AE3214-9251-4BE7-AA0D-12741A165516}.Release|Any CPU.ActiveCfg = Release|Any CPU
		{A7AE3214-9251-4BE7-AA0D-12741A165516}.Release|Any CPU.Build.0 = Release|Any CPU
		{76A9D98B-255C-41AA-8D9B-D691411C8E6F}.Debug|Any CPU.ActiveCfg = Debug|Any CPU
		{76A9D98B-255C-41AA-8D9B-D691411C8E6F}.Debug|Any CPU.Build.0 = Debug|Any CPU
		{76A9D98B-255C-41AA-8D9B-D691411C8E6F}.Release|Any CPU.ActiveCfg = Release|Any CPU
		{76A9D98B-255C-41AA-8D9B-D691411C8E6F}.Release|Any CPU.Build.0 = Release|Any CPU
		{38142DA9-CDAF-4C60-BD43-FD0D0F9C5C15}.Debug|Any CPU.ActiveCfg = Debug|Any CPU
		{38142DA9-CDAF-4C60-BD43-FD0D0F9C5C15}.Debug|Any CPU.Build.0 = Debug|Any CPU
		{38142DA9-CDAF-4C60-BD43-FD0D0F9C5C15}.Release|Any CPU.ActiveCfg = Release|Any CPU
		{38142DA9-CDAF-4C60-BD43-FD0D0F9C5C15}.Release|Any CPU.Build.0 = Release|Any CPU
		{4205811C-EAC9-4203-A516-648EF6D29C6E}.Debug|Any CPU.ActiveCfg = Debug|Any CPU
		{4205811C-EAC9-4203-A516-648EF6D29C6E}.Debug|Any CPU.Build.0 = Debug|Any CPU
		{4205811C-EAC9-4203-A516-648EF6D29C6E}.Release|Any CPU.ActiveCfg = Release|Any CPU
		{4205811C-EAC9-4203-A516-648EF6D29C6E}.Release|Any CPU.Build.0 = Release|Any CPU
	EndGlobalSection
	GlobalSection(SolutionProperties) = preSolution
		HideSolutionNode = FALSE
	EndGlobalSection
	GlobalSection(NestedProjects) = preSolution
		{9D7FA575-C69B-4A82-9EEC-CCCC8C9F9162} = {E19252F1-8B67-4FA4-B7F9-BD7B2ACA8E79}
		{E9F5EE54-1F51-4D84-86A9-A538609D9F6E} = {E19252F1-8B67-4FA4-B7F9-BD7B2ACA8E79}
		{187955B8-3E68-4DD0-AD8B-E2E5432F70AD} = {E19252F1-8B67-4FA4-B7F9-BD7B2ACA8E79}
		{F3A9E149-7A5F-4785-BB76-D18DCE108BE9} = {E19252F1-8B67-4FA4-B7F9-BD7B2ACA8E79}
		{1877970D-5AC2-4141-A1A6-7C9787E4B64A} = {E19252F1-8B67-4FA4-B7F9-BD7B2ACA8E79}
		{8488AB17-D93C-437F-AF49-7BF3571695E2} = {8318ED44-AC5C-4D44-8DE3-B5C783AF7EDA}
		{5AEA5AD0-2091-429E-AD91-3F7EE9492D50} = {8318ED44-AC5C-4D44-8DE3-B5C783AF7EDA}
		{A2AE43EC-C617-497E-A596-0FD20ECCE41D} = {8318ED44-AC5C-4D44-8DE3-B5C783AF7EDA}
		{5B99AA38-843E-4C00-ACF4-A593693CEE81} = {8318ED44-AC5C-4D44-8DE3-B5C783AF7EDA}
		{E87FD456-EA0A-4BC3-9DAC-3D791B9FE9DD} = {8318ED44-AC5C-4D44-8DE3-B5C783AF7EDA}
		{EB17BCAD-60A0-4B44-B97E-39A7092E282B} = {65A9D332-F0C3-44FE-A223-FD09A0C04483}
		{A475EB77-9AA9-4E48-94AA-35AEDAAF3D05} = {65A9D332-F0C3-44FE-A223-FD09A0C04483}
		{697281F1-9C8D-48C0-91DE-68733D56678B} = {65A9D332-F0C3-44FE-A223-FD09A0C04483}
		{7B95CB6F-FAD6-4723-B297-F64E22D84112} = {65A9D332-F0C3-44FE-A223-FD09A0C04483}
		{AC53CA95-7A1E-4E1D-A8D0-7E606948C010} = {0CBF987C-B64F-404F-BAF7-2100EBCBDFB8}
		{A7AE3214-9251-4BE7-AA0D-12741A165516} = {0CBF987C-B64F-404F-BAF7-2100EBCBDFB8}
		{76A9D98B-255C-41AA-8D9B-D691411C8E6F} = {0CBF987C-B64F-404F-BAF7-2100EBCBDFB8}
		{38142DA9-CDAF-4C60-BD43-FD0D0F9C5C15} = {0CBF987C-B64F-404F-BAF7-2100EBCBDFB8}
		{4205811C-EAC9-4203-A516-648EF6D29C6E} = {9100C517-88AC-4D4E-AE67-525C8DD9D007}
	EndGlobalSection
	GlobalSection(ExtensibilityGlobals) = postSolution
		SolutionGuid = {767EFAE1-F27A-41A3-80D0-A8FD4DA10431}
	EndGlobalSection
EndGlobal
